{
  "name": "cordova-plugin-background-fetch",
  "version": "7.3.0",
  "lockfileVersion": 3,
  "requires": true,
  "packages": {
    "": {
      "name": "cordova-plugin-background-fetch",
      "version": "7.3.0",
      "license": "MIT",
      "dependencies": {
        "@transistorsoft/background-fetch-types": "^1.0.0"
      },
      "engines": {
        "cordovaDependencies": {
          "<5.4.0": {
            "cordova": ">=6.4.0",
            "cordova-android": ">=6.0.0",
            "cordova-ios": ">=4.3.0"
          },
          "5.4.0": {
            "cordova": ">=7.1.0",
            "cordova-android": ">=7.0.0",
            "cordova-ios": ">=5.0.0"
          }
        }
      }
    },
    "node_modules/@transistorsoft/background-fetch-types": {
      "version": "1.0.0",
      "resolved": "https://registry.npmjs.org/@transistorsoft/background-fetch-types/-/background-fetch-types-1.0.0.tgz",
      "integrity": "sha512-dfkUpAps8cVvtJlOCM8BmVAgcboyz0pg0GtfwsWnnezG2KbvV9nrt/z0s8Ksk3stEW0dSX59XMqUAF7/48OR5w==",
      "license": "MIT"
    }
  }
}
